// !$*UTF8*$!
{
	archiveVersion = 1;
	classes = {
	};
	objectVersion = 50;
	objects = {

/* Begin PBXBuildFile section */
		2B2593BA22022732007AEB94 /* AppDelegate.swift in Sources */ = {isa = PBXBuildFile; fileRef = 2B2593B922022732007AEB94 /* AppDelegate.swift */; };
		2B2593BC22022732007AEB94 /* ViewController.swift in Sources */ = {isa = PBXBuildFile; fileRef = 2B2593BB22022732007AEB94 /* ViewController.swift */; };
		2B2593BF22022732007AEB94 /* Main.storyboard in Resources */ = {isa = PBXBuildFile; fileRef = 2B2593BD22022732007AEB94 /* Main.storyboard */; };
		2B2593C122022734007AEB94 /* Assets.xcassets in Resources */ = {isa = PBXBuildFile; fileRef = 2B2593C022022734007AEB94 /* Assets.xcassets */; };
		2B2593C422022734007AEB94 /* LaunchScreen.storyboard in Resources */ = {isa = PBXBuildFile; fileRef = 2B2593C222022734007AEB94 /* LaunchScreen.storyboard */; };
		2B2593CF22022734007AEB94 /* MoviesTests.swift in Sources */ = {isa = PBXBuildFile; fileRef = 2B2593CE22022734007AEB94 /* MoviesTests.swift */; };
		2B2593DA22022734007AEB94 /* MoviesUITests.swift in Sources */ = {isa = PBXBuildFile; fileRef = 2B2593D922022734007AEB94 /* MoviesUITests.swift */; };
/* End PBXBuildFile section */

/* Begin PBXContainerItemProxy section */
		2B2593CB22022734007AEB94 /* PBXContainerItemProxy */ = {
			isa = PBXContainerItemProxy;
			containerPortal = 2B2593AE22022732007AEB94 /* Project object */;
			proxyType = 1;
			remoteGlobalIDString = 2B2593B522022732007AEB94;
			remoteInfo = Movies;
		};
		2B2593D622022734007AEB94 /* PBXContainerItemProxy */ = {
			isa = PBXContainerItemProxy;
			containerPortal = 2B2593AE22022732007AEB94 /* Project object */;
			proxyType = 1;
			remoteGlobalIDString = 2B2593B522022732007AEB94;
			remoteInfo = Movies;
		};
/* End PBXContainerItemProxy section */

/* Begin PBXFileReference section */
		2B2593B622022732007AEB94 /* Movies.app */ = {isa = PBXFileReference; explicitFileType = wrapper.application; includeInIndex = 0; path = Movies.app; sourceTree = BUILT_PRODUCTS_DIR; };
		2B2593B922022732007AEB94 /* AppDelegate.swift */ = {isa = PBXFileReference; lastKnownFileType = sourcecode.swift; path = AppDelegate.swift; sourceTree = "<group>"; };
		2B2593BB22022732007AEB94 /* ViewController.swift */ = {isa = PBXFileReference; lastKnownFileType = sourcecode.swift; path = ViewController.swift; sourceTree = "<group>"; };
		2B2593BE22022732007AEB94 /* Base */ = {isa = PBXFileReference; lastKnownFileType = file.storyboard; name = Base; path = Base.lproj/Main.storyboard; sourceTree = "<group>"; };
		2B2593C022022734007AEB94 /* Assets.xcassets */ = {isa = PBXFileReference; lastKnownFileType = folder.assetcatalog; path = Assets.xcassets; sourceTree = "<group>"; };
		2B2593C322022734007AEB94 /* Base */ = {isa = PBXFileReference; lastKnownFileType = file.storyboard; name = Base; path = Base.lproj/LaunchScreen.storyboard; sourceTree = "<group>"; };
		2B2593C522022734007AEB94 /* Info.plist */ = {isa = PBXFileReference; lastKnownFileType = text.plist.xml; path = Info.plist; sourceTree = "<group>"; };
		2B2593CA22022734007AEB94 /* MoviesTests.xctest */ = {isa = PBXFileReference; explicitFileType = wrapper.cfbundle; includeInIndex = 0; path = MoviesTests.xctest; sourceTree = BUILT_PRODUCTS_DIR; };
		2B2593CE22022734007AEB94 /* MoviesTests.swift */ = {isa = PBXFileReference; lastKnownFileType = sourcecode.swift; path = MoviesTests.swift; sourceTree = "<group>"; };
		2B2593D022022734007AEB94 /* Info.plist */ = {isa = PBXFileReference; lastKnownFileType = text.plist.xml; path = Info.plist; sourceTree = "<group>"; };
		2B2593D522022734007AEB94 /* MoviesUITests.xctest */ = {isa = PBXFileReference; explicitFileType = wrapper.cfbundle; includeInIndex = 0; path = MoviesUITests.xctest; sourceTree = BUILT_PRODUCTS_DIR; };
		2B2593D922022734007AEB94 /* MoviesUITests.swift */ = {isa = PBXFileReference; lastKnownFileType = sourcecode.swift; path = MoviesUITests.swift; sourceTree = "<group>"; };
		2B2593DB22022734007AEB94 /* Info.plist */ = {isa = PBXFileReference; lastKnownFileType = text.plist.xml; path = Info.plist; sourceTree = "<group>"; };
/* End PBXFileReference section */

/* Begin PBXFrameworksBuildPhase section */
		2B2593B322022732007AEB94 /* Frameworks */ = {
			isa = PBXFrameworksBuildPhase;
			buildActionMask = 2147483647;
			files = (
			);
			runOnlyForDeploymentPostprocessing = 0;
		};
		2B2593C722022734007AEB94 /* Frameworks */ = {
			isa = PBXFrameworksBuildPhase;
			buildActionMask = 2147483647;
			files = (
			);
			runOnlyForDeploymentPostprocessing = 0;
		};
		2B2593D222022734007AEB94 /* Frameworks */ = {
			isa = PBXFrameworksBuildPhase;
			buildActionMask = 2147483647;
			files = (
			);
			runOnlyForDeploymentPostprocessing = 0;
		};
/* End PBXFrameworksBuildPhase section */

/* Begin PBXGroup section */
		2B2593AD22022732007AEB94 = {
			isa = PBXGroup;
			children = (
				2B2593B822022732007AEB94 /* Movies */,
				2B2593CD22022734007AEB94 /* MoviesTests */,
				2B2593D822022734007AEB94 /* MoviesUITests */,
				2B2593B722022732007AEB94 /* Products */,
			);
			sourceTree = "<group>";
		};
		2B2593B722022732007AEB94 /* Products */ = {
			isa = PBXGroup;
			children = (
				2B2593B622022732007AEB94 /* Movies.app */,
				2B2593CA22022734007AEB94 /* MoviesTests.xctest */,
				2B2593D522022734007AEB94 /* MoviesUITests.xctest */,
			);
			name = Products;
			sourceTree = "<group>";
		};
		2B2593B822022732007AEB94 /* Movies */ = {
			isa = PBXGroup;
			children = (
				2B2593B922022732007AEB94 /* AppDelegate.swift */,
				2B2593BB22022732007AEB94 /* ViewController.swift */,
				2B2593BD22022732007AEB94 /* Main.storyboard */,
				2B2593C022022734007AEB94 /* Assets.xcassets */,
				2B2593C222022734007AEB94 /* LaunchScreen.storyboard */,
				2B2593C522022734007AEB94 /* Info.plist */,
			);
			path = Movies;
			sourceTree = "<group>";
		};
		2B2593CD22022734007AEB94 /* MoviesTests */ = {
			isa = PBXGroup;
			children = (
				2B2593CE22022734007AEB94 /* MoviesTests.swift */,
				2B2593D022022734007AEB94 /* Info.plist */,
			);
			path = MoviesTests;
			sourceTree = "<group>";
		};
		2B2593D822022734007AEB94 /* MoviesUITests */ = {
			isa = PBXGroup;
			children = (
				2B2593D922022734007AEB94 /* MoviesUITests.swift */,
				2B2593DB22022734007AEB94 /* Info.plist */,
			);
			path = MoviesUITests;
			sourceTree = "<group>";
		};
/* End PBXGroup section */

/* Begin PBXNativeTarget section */
		2B2593B522022732007AEB94 /* Movies */ = {
			isa = PBXNativeTarget;
			buildConfigurationList = 2B2593DE22022734007AEB94 /* Build configuration list for PBXNativeTarget "Movies" */;
			buildPhases = (
				2B2593B222022732007AEB94 /* Sources */,
				2B2593B322022732007AEB94 /* Frameworks */,
				2B2593B422022732007AEB94 /* Resources */,
			);
			buildRules = (
			);
			dependencies = (
			);
			name = Movies;
			productName = Movies;
			productReference = 2B2593B622022732007AEB94 /* Movies.app */;
			productType = "com.apple.product-type.application";
		};
		2B2593C922022734007AEB94 /* MoviesTests */ = {
			isa = PBXNativeTarget;
			buildConfigurationList = 2B2593E122022734007AEB94 /* Build configuration list for PBXNativeTarget "MoviesTests" */;
			buildPhases = (
				2B2593C622022734007AEB94 /* Sources */,
				2B2593C722022734007AEB94 /* Frameworks */,
				2B2593C822022734007AEB94 /* Resources */,
			);
			buildRules = (
			);
			dependencies = (
				2B2593CC22022734007AEB94 /* PBXTargetDependency */,
			);
			name = MoviesTests;
			productName = MoviesTests;
			productReference = 2B2593CA22022734007AEB94 /* MoviesTests.xctest */;
			productType = "com.apple.product-type.bundle.unit-test";
		};
		2B2593D422022734007AEB94 /* MoviesUITests */ = {
			isa = PBXNativeTarget;
			buildConfigurationList = 2B2593E422022734007AEB94 /* Build configuration list for PBXNativeTarget "MoviesUITests" */;
			buildPhases = (
				2B2593D122022734007AEB94 /* Sources */,
				2B2593D222022734007AEB94 /* Frameworks */,
				2B2593D322022734007AEB94 /* Resources */,
			);
			buildRules = (
			);
			dependencies = (
				2B2593D722022734007AEB94 /* PBXTargetDependency */,
			);
			name = MoviesUITests;
			productName = MoviesUITests;
			productReference = 2B2593D522022734007AEB94 /* MoviesUITests.xctest */;
			productType = "com.apple.product-type.bundle.ui-testing";
		};
/* End PBXNativeTarget section */

/* Begin PBXProject section */
		2B2593AE22022732007AEB94 /* Project object */ = {
			isa = PBXProject;
			attributes = {
				LastSwiftUpdateCheck = 1010;
				LastUpgradeCheck = 1010;
				ORGANIZATIONNAME = "Dalia Mahmoud";
				TargetAttributes = {
					2B2593B522022732007AEB94 = {
						CreatedOnToolsVersion = 10.1;
					};
					2B2593C922022734007AEB94 = {
						CreatedOnToolsVersion = 10.1;
						TestTargetID = 2B2593B522022732007AEB94;
					};
					2B2593D422022734007AEB94 = {
						CreatedOnToolsVersion = 10.1;
						TestTargetID = 2B2593B522022732007AEB94;
					};
				};
			};
			buildConfigurationList = 2B2593B122022732007AEB94 /* Build configuration list for PBXProject "Movies" */;
			compatibilityVersion = "Xcode 9.3";
			developmentRegion = en;
			hasScannedForEncodings = 0;
			knownRegions = (
				en,
				Base,
			);
			mainGroup = 2B2593AD22022732007AEB94;
			productRefGroup = 2B2593B722022732007AEB94 /* Products */;
			projectDirPath = "";
			projectRoot = "";
			targets = (
				2B2593B522022732007AEB94 /* Movies */,
				2B2593C922022734007AEB94 /* MoviesTests */,
				2B2593D422022734007AEB94 /* MoviesUITests */,
			);
		};
/* End PBXProject section */

/* Begin PBXResourcesBuildPhase section */
		2B2593B422022732007AEB94 /* Resources */ = {
			isa = PBXResourcesBuildPhase;
			buildActionMask = 2147483647;
			files = (
				2B2593C422022734007AEB94 /* LaunchScreen.storyboard in Resources */,
				2B2593C122022734007AEB94 /* Assets.xcassets in Resources */,
				2B2593BF22022732007AEB94 /* Main.storyboard in Resources */,
			);
			runOnlyForDeploymentPostprocessing = 0;
		};
		2B2593C822022734007AEB94 /* Resources */ = {
			isa = PBXResourcesBuildPhase;
			buildActionMask = 2147483647;
			files = (
			);
			runOnlyForDeploymentPostprocessing = 0;
		};
		2B2593D322022734007AEB94 /* Resources */ = {
			isa = PBXResourcesBuildPhase;
			buildActionMask = 2147483647;
			files = (
			);
			runOnlyForDeploymentPostprocessing = 0;
		};
/* End PBXResourcesBuildPhase section */

/* Begin PBXSourcesBuildPhase section */
		2B2593B222022732007AEB94 /* Sources */ = {
			isa = PBXSourcesBuildPhase;
			buildActionMask = 2147483647;
			files = (
				2B2593BC22022732007AEB94 /* ViewController.swift in Sources */,
				2B2593BA22022732007AEB94 /* AppDelegate.swift in Sources */,
			);
			runOnlyForDeploymentPostprocessing = 0;
		};
		2B2593C622022734007AEB94 /* Sources */ = {
			isa = PBXSourcesBuildPhase;
			buildActionMask = 2147483647;
			files = (
				2B2593CF22022734007AEB94 /* MoviesTests.swift in Sources */,
			);
			runOnlyForDeploymentPostprocessing = 0;
		};
		2B2593D122022734007AEB94 /* Sources */ = {
			isa = PBXSourcesBuildPhase;
			buildActionMask = 2147483647;
			files = (
				2B2593DA22022734007AEB94 /* MoviesUITests.swift in Sources */,
			);
			runOnlyForDeploymentPostprocessing = 0;
		};
/* End PBXSourcesBuildPhase section */

/* Begin PBXTargetDependency section */
		2B2593CC22022734007AEB94 /* PBXTargetDependency */ = {
			isa = PBXTargetDependency;
			target = 2B2593B522022732007AEB94 /* Movies */;
			targetProxy = 2B2593CB22022734007AEB94 /* PBXContainerItemProxy */;
		};
		2B2593D722022734007AEB94 /* PBXTargetDependency */ = {
			isa = PBXTargetDependency;
			target = 2B2593B522022732007AEB94 /* Movies */;
			targetProxy = 2B2593D622022734007AEB94 /* PBXContainerItemProxy */;
		};
/* End PBXTargetDependency section */

/* Begin PBXVariantGroup section */
		2B2593BD22022732007AEB94 /* Main.storyboard */ = {
			isa = PBXVariantGroup;
			children = (
				2B2593BE22022732007AEB94 /* Base */,
			);
			name = Main.storyboard;
			sourceTree = "<group>";
		};
		2B2593C222022734007AEB94 /* LaunchScreen.storyboard */ = {
			isa = PBXVariantGroup;
			children = (
				2B2593C322022734007AEB94 /* Base */,
			);
			name = LaunchScreen.storyboard;
			sourceTree = "<group>";
		};
/* End PBXVariantGroup section */

/* Begin XCBuildConfiguration section */
		2B2593DC22022734007AEB94 /* Debug */ = {
			isa = XCBuildConfiguration;
			buildSettings = {
				ALWAYS_SEARCH_USER_PATHS = NO;
				CLANG_ANALYZER_NONNULL = YES;
				CLANG_ANALYZER_NUMBER_OBJECT_CONVERSION = YES_AGGRESSIVE;
				CLANG_CXX_LANGUAGE_STANDARD = "gnu++14";
				CLANG_CXX_LIBRARY = "libc++";
				CLANG_ENABLE_MODULES = YES;
				CLANG_ENABLE_OBJC_ARC = YES;
				CLANG_ENABLE_OBJC_WEAK = YES;
				CLANG_WARN_BLOCK_CAPTURE_AUTORELEASING = YES;
				CLANG_WARN_BOOL_CONVERSION = YES;
				CLANG_WARN_COMMA = YES;
				CLANG_WARN_CONSTANT_CONVERSION = YES;
				CLANG_WARN_DEPRECATED_OBJC_IMPLEMENTATIONS = YES;
				CLANG_WARN_DIRECT_OBJC_ISA_USAGE = YES_ERROR;
				CLANG_WARN_DOCUMENTATION_COMMENTS = YES;
				CLANG_WARN_EMPTY_BODY = YES;
				CLANG_WARN_ENUM_CONVERSION = YES;
				CLANG_WARN_INFINITE_RECURSION = YES;
				CLANG_WARN_INT_CONVERSION = YES;
				CLANG_WARN_NON_LITERAL_NULL_CONVERSION = YES;
				CLANG_WARN_OBJC_IMPLICIT_RETAIN_SELF = YES;
				CLANG_WARN_OBJC_LITERAL_CONVERSION = YES;
				CLANG_WARN_OBJC_ROOT_CLASS = YES_ERROR;
				CLANG_WARN_RANGE_LOOP_ANALYSIS = YES;
				CLANG_WARN_STRICT_PROTOTYPES = YES;
				CLANG_WARN_SUSPICIOUS_MOVE = YES;
				CLANG_WARN_UNGUARDED_AVAILABILITY = YES_AGGRESSIVE;
				CLANG_WARN_UNREACHABLE_CODE = YES;
				CLANG_WARN__DUPLICATE_METHOD_MATCH = YES;
				CODE_SIGN_IDENTITY = "iPhone Developer";
				COPY_PHASE_STRIP = NO;
				DEBUG_INFORMATION_FORMAT = dwarf;
				ENABLE_STRICT_OBJC_MSGSEND = YES;
				ENABLE_TESTABILITY = YES;
				GCC_C_LANGUAGE_STANDARD = gnu11;
				GCC_DYNAMIC_NO_PIC = NO;
				GCC_NO_COMMON_BLOCKS = YES;
				GCC_OPTIMIZATION_LEVEL = 0;
				GCC_PREPROCESSOR_DEFINITIONS = (
					"DEBUG=1",
					"$(inherited)",
				);
				GCC_WARN_64_TO_32_BIT_CONVERSION = YES;
				GCC_WARN_ABOUT_RETURN_TYPE = YES_ERROR;
				GCC_WARN_UNDECLARED_SELECTOR = YES;
				GCC_WARN_UNINITIALIZED_AUTOS = YES_AGGRESSIVE;
				GCC_WARN_UNUSED_FUNCTION = YES;
				GCC_WARN_UNUSED_VARIABLE = YES;
				IPHONEOS_DEPLOYMENT_TARGET = 12.1;
				MTL_ENABLE_DEBUG_INFO = INCLUDE_SOURCE;
				MTL_FAST_MATH = YES;
				ONLY_ACTIVE_ARCH = YES;
				SDKROOT = iphoneos;
				SWIFT_ACTIVE_COMPILATION_CONDITIONS = DEBUG;
				SWIFT_OPTIMIZATION_LEVEL = "-Onone";
			};
			name = Debug;
		};
		2B2593DD22022734007AEB94 /* Release */ = {
			isa = XCBuildConfiguration;
			buildSettings = {
				ALWAYS_SEARCH_USER_PATHS = NO;
				CLANG_ANALYZER_NONNULL = YES;
				CLANG_ANALYZER_NUMBER_OBJECT_CONVERSION = YES_AGGRESSIVE;
				CLANG_CXX_LANGUAGE_STANDARD = "gnu++14";
				CLANG_CXX_LIBRARY = "libc++";
				CLANG_ENABLE_MODULES = YES;
				CLANG_ENABLE_OBJC_ARC = YES;
				CLANG_ENABLE_OBJC_WEAK = YES;
				CLANG_WARN_BLOCK_CAPTURE_AUTORELEASING = YES;
				CLANG_WARN_BOOL_CONVERSION = YES;
				CLANG_WARN_COMMA = YES;
				CLANG_WARN_CONSTANT_CONVERSION = YES;
				CLANG_WARN_DEPRECATED_OBJC_IMPLEMENTATIONS = YES;
				CLANG_WARN_DIRECT_OBJC_ISA_USAGE = YES_ERROR;
				CLANG_WARN_DOCUMENTATION_COMMENTS = YES;
				CLANG_WARN_EMPTY_BODY = YES;
				CLANG_WARN_ENUM_CONVERSION = YES;
				CLANG_WARN_INFINITE_RECURSION = YES;
				CLANG_WARN_INT_CONVERSION = YES;
				CLANG_WARN_NON_LITERAL_NULL_CONVERSION = YES;
				CLANG_WARN_OBJC_IMPLICIT_RETAIN_SELF = YES;
				CLANG_WARN_OBJC_LITERAL_CONVERSION = YES;
				CLANG_WARN_OBJC_ROOT_CLASS = YES_ERROR;
				CLANG_WARN_RANGE_LOOP_ANALYSIS = YES;
				CLANG_WARN_STRICT_PROTOTYPES = YES;
				CLANG_WARN_SUSPICIOUS_MOVE = YES;
				CLANG_WARN_UNGUARDED_AVAILABILITY = YES_AGGRESSIVE;
				CLANG_WARN_UNREACHABLE_CODE = YES;
				CLANG_WARN__DUPLICATE_METHOD_MATCH = YES;
				CODE_SIGN_IDENTITY = "iPhone Developer";
				COPY_PHASE_STRIP = NO;
				DEBUG_INFORMATION_FORMAT = "dwarf-with-dsym";
				ENABLE_NS_ASSERTIONS = NO;
				ENABLE_STRICT_OBJC_MSGSEND = YES;
				GCC_C_LANGUAGE_STANDARD = gnu11;
				GCC_NO_COMMON_BLOCKS = YES;
				GCC_WARN_64_TO_32_BIT_CONVERSION = YES;
				GCC_WARN_ABOUT_RETURN_TYPE = YES_ERROR;
				GCC_WARN_UNDECLARED_SELECTOR = YES;
				GCC_WARN_UNINITIALIZED_AUTOS = YES_AGGRESSIVE;
				GCC_WARN_UNUSED_FUNCTION = YES;
				GCC_WARN_UNUSED_VARIABLE = YES;
				IPHONEOS_DEPLOYMENT_TARGET = 12.1;
				MTL_ENABLE_DEBUG_INFO = NO;
				MTL_FAST_MATH = YES;
				SDKROOT = iphoneos;
				SWIFT_COMPILATION_MODE = wholemodule;
				SWIFT_OPTIMIZATION_LEVEL = "-O";
				VALIDATE_PRODUCT = YES;
			};
			name = Release;
		};
		2B2593DF22022734007AEB94 /* Debug */ = {
			isa = XCBuildConfiguration;
			buildSettings = {
				ASSETCATALOG_COMPILER_APPICON_NAME = AppIcon;
				CODE_SIGN_STYLE = Automatic;
				INFOPLIST_FILE = Movies/Info.plist;
				LD_RUNPATH_SEARCH_PATHS = (
					"$(inherited)",
					"@executable_path/Frameworks",
				);
				PRODUCT_BUNDLE_IDENTIFIER = com.test.Movies;
				PRODUCT_NAME = "$(TARGET_NAME)";
				SWIFT_VERSION = 4.2;
				TARGETED_DEVICE_FAMILY = "1,2";
			};
			name = Debug;
		};
		2B2593E022022734007AEB94 /* Release */ = {
			isa = XCBuildConfiguration;
			buildSettings = {
				ASSETCATALOG_COMPILER_APPICON_NAME = AppIcon;
				CODE_SIGN_STYLE = Automatic;
				INFOPLIST_FILE = Movies/Info.plist;
				LD_RUNPATH_SEARCH_PATHS = (
					"$(inherited)",
					"@executable_path/Frameworks",
				);
				PRODUCT_BUNDLE_IDENTIFIER = com.test.Movies;
				PRODUCT_NAME = "$(TARGET_NAME)";
				SWIFT_VERSION = 4.2;
				TARGETED_DEVICE_FAMILY = "1,2";
			};
			name = Release;
		};
		2B2593E222022734007AEB94 /* Debug */ = {
			isa = XCBuildConfiguration;
			buildSettings = {
				ALWAYS_EMBED_SWIFT_STANDARD_LIBRARIES = YES;
				BUNDLE_LOADER = "$(TEST_HOST)";
				CODE_SIGN_STYLE = Automatic;
				INFOPLIST_FILE = MoviesTests/Info.plist;
				LD_RUNPATH_SEARCH_PATHS = (
					"$(inherited)",
					"@executable_path/Frameworks",
					"@loader_path/Frameworks",
				);
				PRODUCT_BUNDLE_IDENTIFIER = com.test.MoviesTests;
				PRODUCT_NAME = "$(TARGET_NAME)";
				SWIFT_VERSION = 4.2;
				TARGETED_DEVICE_FAMILY = "1,2";
				TEST_HOST = "$(BUILT_PRODUCTS_DIR)/Movies.app/Movies";
			};
			name = Debug;
		};
		2B2593E322022734007AEB94 /* Release */ = {
			isa = XCBuildConfiguration;
			buildSettings = {
				ALWAYS_EMBED_SWIFT_STANDARD_LIBRARIES = YES;
				BUNDLE_LOADER = "$(TEST_HOST)";
				CODE_SIGN_STYLE = Automatic;
				INFOPLIST_FILE = MoviesTests/Info.plist;
				LD_RUNPATH_SEARCH_PATHS = (
					"$(inherited)",
					"@executable_path/Frameworks",
					"@loader_path/Frameworks",
				);
				PRODUCT_BUNDLE_IDENTIFIER = com.test.MoviesTests;
				PRODUCT_NAME = "$(TARGET_NAME)";
				SWIFT_VERSION = 4.2;
				TARGETED_DEVICE_FAMILY = "1,2";
				TEST_HOST = "$(BUILT_PRODUCTS_DIR)/Movies.app/Movies";
			};
			name = Release;
		};
		2B2593E522022734007AEB94 /* Debug */ = {
			isa = XCBuildConfiguration;
			buildSettings = {
				ALWAYS_EMBED_SWIFT_STANDARD_LIBRARIES = YES;
				CODE_SIGN_STYLE = Automatic;
				INFOPLIST_FILE = MoviesUITests/Info.plist;
				LD_RUNPATH_SEARCH_PATHS = (
					"$(inherited)",
					"@executable_path/Frameworks",
					"@loader_path/Frameworks",
				);
				PRODUCT_BUNDLE_IDENTIFIER = com.test.MoviesUITests;
				PRODUCT_NAME = "$(TARGET_NAME)";
				SWIFT_VERSION = 4.2;
				TARGETED_DEVICE_FAMILY = "1,2";
				TEST_TARGET_NAME = Movies;
			};
			name = Debug;
		};
		2B2593E622022734007AEB94 /* Release */ = {
			isa = XCBuildConfiguration;
			buildSettings = {
				ALWAYS_EMBED_SWIFT_STANDARD_LIBRARIES = YES;
				CODE_SIGN_STYLE = Automatic;
				INFOPLIST_FILE = MoviesUITests/Info.plist;
				LD_RUNPATH_SEARCH_PATHS = (
					"$(inherited)",
					"@executable_path/Frameworks",
					"@loader_path/Frameworks",
				);
				PRODUCT_BUNDLE_IDENTIFIER = com.test.MoviesUITests;
				PRODUCT_NAME = "$(TARGET_NAME)";
				SWIFT_VERSION = 4.2;
				TARGETED_DEVICE_FAMILY = "1,2";
				TEST_TARGET_NAME = Movies;
			};
			name = Release;
		};
/* End XCBuildConfiguration section */

/* Begin XCConfigurationList section */
		2B2593B122022732007AEB94 /* Build configuration list for PBXProject "Movies" */ = {
			isa = XCConfigurationList;
			buildConfigurations = (
				2B2593DC22022734007AEB94 /* Debug */,
				2B2593DD22022734007AEB94 /* Release */,
			);
			defaultConfigurationIsVisible = 0;
			defaultConfigurationName = Release;
		};
		2B2593DE22022734007AEB94 /* Build configuration list for PBXNativeTarget "Movies" */ = {
			isa = XCConfigurationList;
			buildConfigurations = (
				2B2593DF22022734007AEB94 /* Debug */,
				2B2593E022022734007AEB94 /* Release */,
			);
			defaultConfigurationIsVisible = 0;
			defaultConfigurationName = Release;
		};
		2B2593E122022734007AEB94 /* Build configuration list for PBXNativeTarget "MoviesTests" */ = {
			isa = XCConfigurationList;
			buildConfigurations = (
				2B2593E222022734007AEB94 /* Debug */,
				2B2593E322022734007AEB94 /* Release */,
			);
			defaultConfigurationIsVisible = 0;
			defaultConfigurationName = Release;
		};
		2B2593E422022734007AEB94 /* Build configuration list for PBXNativeTarget "MoviesUITests" */ = {
			isa = XCConfigurationList;
			buildConfigurations = (
				2B2593E522022734007AEB94 /* Debug */,
				2B2593E622022734007AEB94 /* Release */,
			);
			defaultConfigurationIsVisible = 0;
			defaultConfigurationName = Release;
		};
/* End XCConfigurationList section */
	};
	rootObject = 2B2593AE22022732007AEB94 /* Project object */;
}
